
Microsoft Visual Studio Solution File, Format Version 12.00
# Visual Studio Version 16
VisualStudioVersion = 16.0.30804.86
MinimumVisualStudioVersion = 10.0.40219.1
Project("{FAE04EC0-301F-11D3-BF4B-00C04F79EFBC}") = "ProcessChicken", "ProcessChicken\ProcessChicken.csproj", "{A607FB27-004E-40DE-8A17-3DA08E9ADBF3}"
EndProject
Global
	GlobalSection(SolutionConfigurationPlatforms) = preSolution
		Debug|Any CPU = Debug|Any CPU
		Release|Any CPU = Release|Any CPU
	EndGlobalSection
	GlobalSection(ProjectConfigurationPlatforms) = postSolution
		{A607FB27-004E-40DE-8A17-3DA08E9ADBF3}.Debug|Any CPU.ActiveCfg = Debug|Any CPU
		{A607FB27-004E-40DE-8A17-3DA08E9ADBF3}.Debug|Any CPU.Build.0 = Debug|Any CPU
		{A607FB27-004E-40DE-8A17-3DA08E9ADBF3}.Release|Any CPU.ActiveCfg = Release|Any CPU
		{A607FB27-004E-40DE-8A17-3DA08E9ADBF3}.Release|Any CPU.Build.0 = Release|Any CPU
	EndGlobalSection
	GlobalSection(SolutionProperties) = preSolution
		HideSolutionNode = FALSE
	EndGlobalSection
	GlobalSection(ExtensibilityGlobals) = postSolution
		SolutionGuid = {879E6B8B-D14B-406E-A410-45C7A3B73A69}
	EndGlobalSection
EndGlobal
