
Microsoft Visual Studio Solution File, Format Version 12.00
# Visual Studio Version 16
VisualStudioVersion = 16.0.30413.136
MinimumVisualStudioVersion = 10.0.40219.1
Project("{FAE04EC0-301F-11D3-BF4B-00C04F79EFBC}") = "Fish", "Fish\Fish.csproj", "{F362150C-754E-4D69-8257-0A967BF07757}"
EndProject
Global
	GlobalSection(SolutionConfigurationPlatforms) = preSolution
		Debug|Any CPU = Debug|Any CPU
		Release|Any CPU = Release|Any CPU
	EndGlobalSection
	GlobalSection(ProjectConfigurationPlatforms) = postSolution
		{F362150C-754E-4D69-8257-0A967BF07757}.Debug|Any CPU.ActiveCfg = Debug|Any CPU
		{F362150C-754E-4D69-8257-0A967BF07757}.Debug|Any CPU.Build.0 = Debug|Any CPU
		{F362150C-754E-4D69-8257-0A967BF07757}.Release|Any CPU.ActiveCfg = Release|Any CPU
		{F362150C-754E-4D69-8257-0A967BF07757}.Release|Any CPU.Build.0 = Release|Any CPU
	EndGlobalSection
	GlobalSection(SolutionProperties) = preSolution
		HideSolutionNode = FALSE
	EndGlobalSection
	GlobalSection(ExtensibilityGlobals) = postSolution
		SolutionGuid = {DE18D76D-9081-4563-8C73-6D583797360C}
	EndGlobalSection
EndGlobal
