
Microsoft Visual Studio Solution File, Format Version 12.00
# Visual Studio Version 16
VisualStudioVersion = 16.0.30804.86
MinimumVisualStudioVersion = 10.0.40219.1
Project("{FAE04EC0-301F-11D3-BF4B-00C04F79EFBC}") = "TaskThree", "TaskThree\TaskThree.csproj", "{99DE1B05-A68B-4003-BCBB-1E5151E182FA}"
EndProject
Global
	GlobalSection(SolutionConfigurationPlatforms) = preSolution
		Debug|Any CPU = Debug|Any CPU
		Release|Any CPU = Release|Any CPU
	EndGlobalSection
	GlobalSection(ProjectConfigurationPlatforms) = postSolution
		{99DE1B05-A68B-4003-BCBB-1E5151E182FA}.Debug|Any CPU.ActiveCfg = Debug|Any CPU
		{99DE1B05-A68B-4003-BCBB-1E5151E182FA}.Debug|Any CPU.Build.0 = Debug|Any CPU
		{99DE1B05-A68B-4003-BCBB-1E5151E182FA}.Release|Any CPU.ActiveCfg = Release|Any CPU
		{99DE1B05-A68B-4003-BCBB-1E5151E182FA}.Release|Any CPU.Build.0 = Release|Any CPU
	EndGlobalSection
	GlobalSection(SolutionProperties) = preSolution
		HideSolutionNode = FALSE
	EndGlobalSection
	GlobalSection(ExtensibilityGlobals) = postSolution
		SolutionGuid = {C0540914-A174-46C9-A9B7-D24ECD6C0D85}
	EndGlobalSection
EndGlobal
