
Microsoft Visual Studio Solution File, Format Version 12.00
# Visual Studio Version 16
VisualStudioVersion = 16.0.30804.86
MinimumVisualStudioVersion = 10.0.40219.1
Project("{FAE04EC0-301F-11D3-BF4B-00C04F79EFBC}") = "TaskTwoMutex", "TaskTwoMutex\TaskTwoMutex.csproj", "{7BC1140A-61CA-46D0-B021-561C6A898A71}"
EndProject
Global
	GlobalSection(SolutionConfigurationPlatforms) = preSolution
		Debug|Any CPU = Debug|Any CPU
		Release|Any CPU = Release|Any CPU
	EndGlobalSection
	GlobalSection(ProjectConfigurationPlatforms) = postSolution
		{7BC1140A-61CA-46D0-B021-561C6A898A71}.Debug|Any CPU.ActiveCfg = Debug|Any CPU
		{7BC1140A-61CA-46D0-B021-561C6A898A71}.Debug|Any CPU.Build.0 = Debug|Any CPU
		{7BC1140A-61CA-46D0-B021-561C6A898A71}.Release|Any CPU.ActiveCfg = Release|Any CPU
		{7BC1140A-61CA-46D0-B021-561C6A898A71}.Release|Any CPU.Build.0 = Release|Any CPU
	EndGlobalSection
	GlobalSection(SolutionProperties) = preSolution
		HideSolutionNode = FALSE
	EndGlobalSection
	GlobalSection(ExtensibilityGlobals) = postSolution
		SolutionGuid = {5C8D5EEF-0F83-4578-A2A8-260F03BA59F5}
	EndGlobalSection
EndGlobal
